github.com/gojou/bones v0.0.0-20200329013740-c60c39ea6dad h1:xawfjRYWS0L0D0BEIlw+qjH6LJCozNHwBMblaVLMjlo=
github.com/gojou/bones v0.0.0-20200329013740-c60c39ea6dad/go.mod h1:dia5uD+100BsbZe5CcTNxbMRlvwZusbyNM+EElzQ6Dc=
github.com/gorilla/mux v1.7.4 h1:VuZ8uybHlWmqV03+zRzdwKL4tUnIp1MAQtp1mIFE1bc=
github.com/gorilla/mux v1.7.4/go.mod h1:DVbg23sWSpFRCP0SfiEN6jmj59UnW/n46BH5rLB71So=
